
Microsoft Visual Studio Solution File, Format Version 12.00
# Visual Studio 15
VisualStudioVersion = 15.0.28307.1705
MinimumVisualStudioVersion = 10.0.40219.1
Project("{FAE04EC0-301F-11D3-BF4B-00C04F79EFBC}") = "InterviewCodingTest", "InterviewCodingTest\InterviewCodingTest.csproj", "{902D213D-78FE-4433-AB6E-F67EC8CB6034}"
EndProject
Global
	GlobalSection(SolutionConfigurationPlatforms) = preSolution
		Debug|Any CPU = Debug|Any CPU
		Release|Any CPU = Release|Any CPU
	EndGlobalSection
	GlobalSection(ProjectConfigurationPlatforms) = postSolution
		{902D213D-78FE-4433-AB6E-F67EC8CB6034}.Debug|Any CPU.ActiveCfg = Debug|Any CPU
		{902D213D-78FE-4433-AB6E-F67EC8CB6034}.Debug|Any CPU.Build.0 = Debug|Any CPU
		{902D213D-78FE-4433-AB6E-F67EC8CB6034}.Release|Any CPU.ActiveCfg = Release|Any CPU
		{902D213D-78FE-4433-AB6E-F67EC8CB6034}.Release|Any CPU.Build.0 = Release|Any CPU
	EndGlobalSection
	GlobalSection(SolutionProperties) = preSolution
		HideSolutionNode = FALSE
	EndGlobalSection
	GlobalSection(ExtensibilityGlobals) = postSolution
		SolutionGuid = {12E64FB9-4C03-4987-BEF2-E27F003C04F2}
	EndGlobalSection
EndGlobal
